
Microsoft Visual Studio Solution File, Format Version 12.00
# Visual Studio Version 16
VisualStudioVersion = 16.0.32602.291
MinimumVisualStudioVersion = 10.0.40219.1
Project("{9A19103F-16F7-4668-BE54-9A1E7A4F7556}") = "Cours c#", "Cours c#\Cours c#.csproj", "{B3EA7F82-B5B0-4DDA-97FA-C83C3891F6A6}"
EndProject
Global
	GlobalSection(SolutionConfigurationPlatforms) = preSolution
		Debug|Any CPU = Debug|Any CPU
		Release|Any CPU = Release|Any CPU
	EndGlobalSection
	GlobalSection(ProjectConfigurationPlatforms) = postSolution
		{B3EA7F82-B5B0-4DDA-97FA-C83C3891F6A6}.Debug|Any CPU.ActiveCfg = Debug|Any CPU
		{B3EA7F82-B5B0-4DDA-97FA-C83C3891F6A6}.Debug|Any CPU.Build.0 = Debug|Any CPU
		{B3EA7F82-B5B0-4DDA-97FA-C83C3891F6A6}.Release|Any CPU.ActiveCfg = Release|Any CPU
		{B3EA7F82-B5B0-4DDA-97FA-C83C3891F6A6}.Release|Any CPU.Build.0 = Release|Any CPU
	EndGlobalSection
	GlobalSection(SolutionProperties) = preSolution
		HideSolutionNode = FALSE
	EndGlobalSection
	GlobalSection(ExtensibilityGlobals) = postSolution
		SolutionGuid = {49BFA40E-A9F7-464D-A2E5-60E197F0EA49}
	EndGlobalSection
EndGlobal
